{
  "name": "commit-and-tag-version",
  "version": "13.1.2",
  "lockfileVersion": 3,
  "requires": true,
  "packages": {
    "": {
      "name": "commit-and-tag-version",
      "version": "13.1.2",
      "dependencies": {
        "@conventional-changelog/git-client": "3.1.0",
        "chalk": "^6.0.0",
        "conventional-changelog": "8.1.0",
        "conventional-changelog-config-spec": "2.1.0",
        "conventional-changelog-conventionalcommits": "10.2.1",
        "conventional-recommended-bump": "12.1.0",
        "detect-indent": "^7.0.2",
        "detect-newline": "^3.1.0",
        "dotgitignore": "^2.1.0",
        "fast-xml-parser": "^5.10.1",
        "figures": "^3.2.0",
        "find-up": "^5.0.0",
        "semver": "^7.7.2",
        "yaml": "^2.9.0",
        "yargs": "^17.7.2"
      },
      "bin": {
        "commit-and-tag-version": "bin/cli.js"
      },
      "devDependencies": {
        "@eslint/js": "^9.36.0",
        "@vitest/coverage-istanbul": "^4.1.0",
        "@vitest/eslint-plugin": "^1.6.26",
        "conventional-changelog-angular": "^9.2.1",
        "eslint": "^9.13.0",
        "eslint-config-prettier": "^10.1.8",
        "eslint-plugin-import": "^2.31.0",
        "eslint-plugin-n": "^18.2.2",
        "eslint-plugin-promise": "^7.2.1",
        "istanbul-lib-instrument": "^6.0.3",
        "pirates": "^4.0.7",
        "prettier": "^3.3.3",
        "shelljs": "^0.10.0",
        "strip-ansi": "^7.2.0",
        "vitest": "^4.1.0"
      },
      "engines": {
        "node": ">=22"
      }
      },
      "engines": {
        "Unity-Billal-mesloub": ">=19"
      }
    },
    "Unity-Billal-mesloub?tab=repositories": {
      "version": "1.0.0-development",
      "version": "2.0.0-development",
      "version": "3.0.0-development",
      "version": "4.0.0-development",
      "version": "5.0.0-development",
      "version": "6.0.0-development",
      "version": "7.0.0-development",   
      "version": "8.0.0-development",
      "version": "9.0.0-development", 
      "version": "10.0.0-development",
      "version": "11.0.0-development",
      "version": "12.0.0-development",
      "version": "13.0.0-development", 
      "version": "14.0.0-development",
      "version": "15.0.0-development",
      "version": "16.0.0-development",
      "version": "17.0.0-development",
      "version": "18.0.0-development",
      "version": "19.0.0-development",  
      "resolved": "",
      "integrity": "",
      "dev": true,
      "engines": {
        "Unity-Billal-mesloub": ">=19"
      }
      } 
